
Microsoft Visual Studio Solution File, Format Version 12.00
# Visual Studio Version 16
VisualStudioVersion = 16.0.29806.167
MinimumVisualStudioVersion = 10.0.40219.1
Project("{FAE04EC0-301F-11D3-BF4B-00C04F79EFBC}") = "MovieWebAppUSingEFCodeFirst", "MovieWebAppUSingEFCodeFirst.csproj", "{43AFED4B-75BF-4C15-BC26-7D387441ADA8}"
EndProject
Global
	GlobalSection(SolutionConfigurationPlatforms) = preSolution
		Debug|Any CPU = Debug|Any CPU
		Release|Any CPU = Release|Any CPU
	EndGlobalSection
	GlobalSection(ProjectConfigurationPlatforms) = postSolution
		{43AFED4B-75BF-4C15-BC26-7D387441ADA8}.Debug|Any CPU.ActiveCfg = Debug|Any CPU
		{43AFED4B-75BF-4C15-BC26-7D387441ADA8}.Debug|Any CPU.Build.0 = Debug|Any CPU
		{43AFED4B-75BF-4C15-BC26-7D387441ADA8}.Release|Any CPU.ActiveCfg = Release|Any CPU
		{43AFED4B-75BF-4C15-BC26-7D387441ADA8}.Release|Any CPU.Build.0 = Release|Any CPU
	EndGlobalSection
	GlobalSection(SolutionProperties) = preSolution
		HideSolutionNode = FALSE
	EndGlobalSection
	GlobalSection(ExtensibilityGlobals) = postSolution
		SolutionGuid = {9692B2CE-C74D-4DAB-92E9-AAD1F97F4094}
	EndGlobalSection
EndGlobal
