
Microsoft Visual Studio Solution File, Format Version 12.00
# Visual Studio Version 16
VisualStudioVersion = 16.0.29806.167
MinimumVisualStudioVersion = 10.0.40219.1
Project("{FAE04EC0-301F-11D3-BF4B-00C04F79EFBC}") = "MVCwebAppBook", "MVCwebAppBook.csproj", "{D7555028-44E1-4BA5-975E-5F99611A8D9A}"
EndProject
Global
	GlobalSection(SolutionConfigurationPlatforms) = preSolution
		Debug|Any CPU = Debug|Any CPU
		Release|Any CPU = Release|Any CPU
	EndGlobalSection
	GlobalSection(ProjectConfigurationPlatforms) = postSolution
		{D7555028-44E1-4BA5-975E-5F99611A8D9A}.Debug|Any CPU.ActiveCfg = Debug|Any CPU
		{D7555028-44E1-4BA5-975E-5F99611A8D9A}.Debug|Any CPU.Build.0 = Debug|Any CPU
		{D7555028-44E1-4BA5-975E-5F99611A8D9A}.Release|Any CPU.ActiveCfg = Release|Any CPU
		{D7555028-44E1-4BA5-975E-5F99611A8D9A}.Release|Any CPU.Build.0 = Release|Any CPU
	EndGlobalSection
	GlobalSection(SolutionProperties) = preSolution
		HideSolutionNode = FALSE
	EndGlobalSection
	GlobalSection(ExtensibilityGlobals) = postSolution
		SolutionGuid = {55326A23-D481-475D-AC53-A715C5AC1BE7}
	EndGlobalSection
EndGlobal
